
Microsoft Visual Studio Solution File, Format Version 12.00
# Visual Studio Version 16
VisualStudioVersion = 16.0.30114.105
MinimumVisualStudioVersion = 10.0.40219.1
Project("{FAE04EC0-301F-11D3-BF4B-00C04F79EFBC}") = "Test", "Test\Test.csproj", "{9F085001-F527-4CD1-BBBC-46ECA30E1207}"
EndProject
Project("{2150E333-8FDC-42A3-9474-1A3956D46DE8}") = ".nuget", ".nuget", "{F5B659A8-29A8-479D-BF57-2069FE968038}"
	ProjectSection(SolutionItems) = preProject
		.nuget\LambdicSql.nuspec = .nuget\LambdicSql.nuspec
		.nuget\NuGet.exe = .nuget\NuGet.exe
	EndProjectSection
EndProject
Project("{2150E333-8FDC-42A3-9474-1A3956D46DE8}") = "Tests", "Tests", "{BD0C52EA-4985-4270-ACA0-907E47B6D6E8}"
EndProject
Project("{2150E333-8FDC-42A3-9474-1A3956D46DE8}") = "Src", "Src", "{E3F92729-0A08-49E3-9132-085C748233E6}"
EndProject
Project("{FAE04EC0-301F-11D3-BF4B-00C04F79EFBC}") = "LambdicSql.PCL", "LambdicSql.PCL\LambdicSql.PCL.csproj", "{485B4C58-0B70-460B-AA20-B2B24AF8F0D2}"
EndProject
Project("{D954291E-2A0B-460D-934E-DC6B0785DB48}") = "LambdicSql.Shared", "LambdicSql.Shared\LambdicSql.Shared.shproj", "{C69DB6F7-9921-4351-A163-047D2550003F}"
EndProject
Project("{FAE04EC0-301F-11D3-BF4B-00C04F79EFBC}") = "LambdicSql.NETStandard", "LambdicSql.NETStandard\LambdicSql.NETStandard.csproj", "{5DA46552-0C9E-4692-9686-7B6B1BB5E18E}"
EndProject
Project("{D954291E-2A0B-460D-934E-DC6B0785DB48}") = "LambdicSql.System.Data.Shared", "LambdicSql.System.Data.Shared\LambdicSql.System.Data.Shared.shproj", "{3A55B636-45B4-475D-9F5D-D91F8A188BB8}"
EndProject
Project("{FAE04EC0-301F-11D3-BF4B-00C04F79EFBC}") = "Test.NET35", "Test.NET35\Test.NET35.csproj", "{71A68D09-E2E8-44C8-99E9-E890E19DB10B}"
EndProject
Project("{9A19103F-16F7-4668-BE54-9A1E7A4F7556}") = "Test.NetCore", "Test.NetCore\Test.NetCore.csproj", "{07A4AC17-2511-48C3-8F42-115F71A30862}"
EndProject
Project("{FAE04EC0-301F-11D3-BF4B-00C04F79EFBC}") = "LambdicSql.NetFramework.3.5", "LambdicSql.NetFramework.3.5\LambdicSql.NetFramework.3.5.csproj", "{9079C3C3-839D-4FF1-A774-B7F15DE9248D}"
EndProject
Project("{FAE04EC0-301F-11D3-BF4B-00C04F79EFBC}") = "LambdicSql.NetFramework.4.6", "LambdicSql.NetFramework.4.6\LambdicSql.NetFramework.4.6.csproj", "{59E0E08F-28B7-4093-8F44-78932707D8E8}"
	ProjectSection(ProjectDependencies) = postProject
		{5DA46552-0C9E-4692-9686-7B6B1BB5E18E} = {5DA46552-0C9E-4692-9686-7B6B1BB5E18E}
		{485B4C58-0B70-460B-AA20-B2B24AF8F0D2} = {485B4C58-0B70-460B-AA20-B2B24AF8F0D2}
	EndProjectSection
EndProject
Global
	GlobalSection(SharedMSBuildProjectFiles) = preSolution
		LambdicSql.System.Data.Shared\LambdicSql.System.Data.Shared.projitems*{3a55b636-45b4-475d-9f5d-d91f8a188bb8}*SharedItemsImports = 13
		LambdicSql.Shared\LambdicSql.Shared.projitems*{485b4c58-0b70-460b-aa20-b2b24af8f0d2}*SharedItemsImports = 4
		LambdicSql.System.Data.Shared\LambdicSql.System.Data.Shared.projitems*{5da46552-0c9e-4692-9686-7b6b1bb5e18e}*SharedItemsImports = 4
		LambdicSql.Shared\LambdicSql.Shared.projitems*{9079c3c3-839d-4ff1-a774-b7f15de9248d}*SharedItemsImports = 4
		LambdicSql.System.Data.Shared\LambdicSql.System.Data.Shared.projitems*{9079c3c3-839d-4ff1-a774-b7f15de9248d}*SharedItemsImports = 4
		LambdicSql.Shared\LambdicSql.Shared.projitems*{c69db6f7-9921-4351-a163-047d2550003f}*SharedItemsImports = 13
	EndGlobalSection
	GlobalSection(SolutionConfigurationPlatforms) = preSolution
		Debug|Any CPU = Debug|Any CPU
		Debug|x64 = Debug|x64
		Debug|x86 = Debug|x86
		Release|Any CPU = Release|Any CPU
		Release|x64 = Release|x64
		Release|x86 = Release|x86
	EndGlobalSection
	GlobalSection(ProjectConfigurationPlatforms) = postSolution
		{9F085001-F527-4CD1-BBBC-46ECA30E1207}.Debug|Any CPU.ActiveCfg = Debug|Any CPU
		{9F085001-F527-4CD1-BBBC-46ECA30E1207}.Debug|Any CPU.Build.0 = Debug|Any CPU
		{9F085001-F527-4CD1-BBBC-46ECA30E1207}.Debug|x64.ActiveCfg = Debug|Any CPU
		{9F085001-F527-4CD1-BBBC-46ECA30E1207}.Debug|x64.Build.0 = Debug|Any CPU
		{9F085001-F527-4CD1-BBBC-46ECA30E1207}.Debug|x86.ActiveCfg = Debug|Any CPU
		{9F085001-F527-4CD1-BBBC-46ECA30E1207}.Debug|x86.Build.0 = Debug|Any CPU
		{9F085001-F527-4CD1-BBBC-46ECA30E1207}.Release|Any CPU.ActiveCfg = Release|Any CPU
		{9F085001-F527-4CD1-BBBC-46ECA30E1207}.Release|Any CPU.Build.0 = Release|Any CPU
		{9F085001-F527-4CD1-BBBC-46ECA30E1207}.Release|x64.ActiveCfg = Release|Any CPU
		{9F085001-F527-4CD1-BBBC-46ECA30E1207}.Release|x64.Build.0 = Release|Any CPU
		{9F085001-F527-4CD1-BBBC-46ECA30E1207}.Release|x86.ActiveCfg = Release|Any CPU
		{9F085001-F527-4CD1-BBBC-46ECA30E1207}.Release|x86.Build.0 = Release|Any CPU
		{485B4C58-0B70-460B-AA20-B2B24AF8F0D2}.Debug|Any CPU.ActiveCfg = Debug|Any CPU
		{485B4C58-0B70-460B-AA20-B2B24AF8F0D2}.Debug|Any CPU.Build.0 = Debug|Any CPU
		{485B4C58-0B70-460B-AA20-B2B24AF8F0D2}.Debug|x64.ActiveCfg = Debug|Any CPU
		{485B4C58-0B70-460B-AA20-B2B24AF8F0D2}.Debug|x64.Build.0 = Debug|Any CPU
		{485B4C58-0B70-460B-AA20-B2B24AF8F0D2}.Debug|x86.ActiveCfg = Debug|Any CPU
		{485B4C58-0B70-460B-AA20-B2B24AF8F0D2}.Debug|x86.Build.0 = Debug|Any CPU
		{485B4C58-0B70-460B-AA20-B2B24AF8F0D2}.Release|Any CPU.ActiveCfg = Release|Any CPU
		{485B4C58-0B70-460B-AA20-B2B24AF8F0D2}.Release|Any CPU.Build.0 = Release|Any CPU
		{485B4C58-0B70-460B-AA20-B2B24AF8F0D2}.Release|x64.ActiveCfg = Release|Any CPU
		{485B4C58-0B70-460B-AA20-B2B24AF8F0D2}.Release|x64.Build.0 = Release|Any CPU
		{485B4C58-0B70-460B-AA20-B2B24AF8F0D2}.Release|x86.ActiveCfg = Release|Any CPU
		{485B4C58-0B70-460B-AA20-B2B24AF8F0D2}.Release|x86.Build.0 = Release|Any CPU
		{5DA46552-0C9E-4692-9686-7B6B1BB5E18E}.Debug|Any CPU.ActiveCfg = Debug|Any CPU
		{5DA46552-0C9E-4692-9686-7B6B1BB5E18E}.Debug|Any CPU.Build.0 = Debug|Any CPU
		{5DA46552-0C9E-4692-9686-7B6B1BB5E18E}.Debug|x64.ActiveCfg = Debug|Any CPU
		{5DA46552-0C9E-4692-9686-7B6B1BB5E18E}.Debug|x64.Build.0 = Debug|Any CPU
		{5DA46552-0C9E-4692-9686-7B6B1BB5E18E}.Debug|x86.ActiveCfg = Debug|Any CPU
		{5DA46552-0C9E-4692-9686-7B6B1BB5E18E}.Debug|x86.Build.0 = Debug|Any CPU
		{5DA46552-0C9E-4692-9686-7B6B1BB5E18E}.Release|Any CPU.ActiveCfg = Release|Any CPU
		{5DA46552-0C9E-4692-9686-7B6B1BB5E18E}.Release|Any CPU.Build.0 = Release|Any CPU
		{5DA46552-0C9E-4692-9686-7B6B1BB5E18E}.Release|x64.ActiveCfg = Release|Any CPU
		{5DA46552-0C9E-4692-9686-7B6B1BB5E18E}.Release|x64.Build.0 = Release|Any CPU
		{5DA46552-0C9E-4692-9686-7B6B1BB5E18E}.Release|x86.ActiveCfg = Release|Any CPU
		{5DA46552-0C9E-4692-9686-7B6B1BB5E18E}.Release|x86.Build.0 = Release|Any CPU
		{71A68D09-E2E8-44C8-99E9-E890E19DB10B}.Debug|Any CPU.ActiveCfg = Debug|Any CPU
		{71A68D09-E2E8-44C8-99E9-E890E19DB10B}.Debug|Any CPU.Build.0 = Debug|Any CPU
		{71A68D09-E2E8-44C8-99E9-E890E19DB10B}.Debug|x64.ActiveCfg = Debug|Any CPU
		{71A68D09-E2E8-44C8-99E9-E890E19DB10B}.Debug|x64.Build.0 = Debug|Any CPU
		{71A68D09-E2E8-44C8-99E9-E890E19DB10B}.Debug|x86.ActiveCfg = Debug|Any CPU
		{71A68D09-E2E8-44C8-99E9-E890E19DB10B}.Debug|x86.Build.0 = Debug|Any CPU
		{71A68D09-E2E8-44C8-99E9-E890E19DB10B}.Release|Any CPU.ActiveCfg = Release|Any CPU
		{71A68D09-E2E8-44C8-99E9-E890E19DB10B}.Release|Any CPU.Build.0 = Release|Any CPU
		{71A68D09-E2E8-44C8-99E9-E890E19DB10B}.Release|x64.ActiveCfg = Release|Any CPU
		{71A68D09-E2E8-44C8-99E9-E890E19DB10B}.Release|x64.Build.0 = Release|Any CPU
		{71A68D09-E2E8-44C8-99E9-E890E19DB10B}.Release|x86.ActiveCfg = Release|Any CPU
		{71A68D09-E2E8-44C8-99E9-E890E19DB10B}.Release|x86.Build.0 = Release|Any CPU
		{07A4AC17-2511-48C3-8F42-115F71A30862}.Debug|Any CPU.ActiveCfg = Debug|Any CPU
		{07A4AC17-2511-48C3-8F42-115F71A30862}.Debug|Any CPU.Build.0 = Debug|Any CPU
		{07A4AC17-2511-48C3-8F42-115F71A30862}.Debug|x64.ActiveCfg = Debug|Any CPU
		{07A4AC17-2511-48C3-8F42-115F71A30862}.Debug|x64.Build.0 = Debug|Any CPU
		{07A4AC17-2511-48C3-8F42-115F71A30862}.Debug|x86.ActiveCfg = Debug|Any CPU
		{07A4AC17-2511-48C3-8F42-115F71A30862}.Debug|x86.Build.0 = Debug|Any CPU
		{07A4AC17-2511-48C3-8F42-115F71A30862}.Release|Any CPU.ActiveCfg = Release|Any CPU
		{07A4AC17-2511-48C3-8F42-115F71A30862}.Release|Any CPU.Build.0 = Release|Any CPU
		{07A4AC17-2511-48C3-8F42-115F71A30862}.Release|x64.ActiveCfg = Release|Any CPU
		{07A4AC17-2511-48C3-8F42-115F71A30862}.Release|x64.Build.0 = Release|Any CPU
		{07A4AC17-2511-48C3-8F42-115F71A30862}.Release|x86.ActiveCfg = Release|Any CPU
		{07A4AC17-2511-48C3-8F42-115F71A30862}.Release|x86.Build.0 = Release|Any CPU
		{9079C3C3-839D-4FF1-A774-B7F15DE9248D}.Debug|Any CPU.ActiveCfg = Debug|Any CPU
		{9079C3C3-839D-4FF1-A774-B7F15DE9248D}.Debug|Any CPU.Build.0 = Debug|Any CPU
		{9079C3C3-839D-4FF1-A774-B7F15DE9248D}.Debug|x64.ActiveCfg = Debug|Any CPU
		{9079C3C3-839D-4FF1-A774-B7F15DE9248D}.Debug|x64.Build.0 = Debug|Any CPU
		{9079C3C3-839D-4FF1-A774-B7F15DE9248D}.Debug|x86.ActiveCfg = Debug|Any CPU
		{9079C3C3-839D-4FF1-A774-B7F15DE9248D}.Debug|x86.Build.0 = Debug|Any CPU
		{9079C3C3-839D-4FF1-A774-B7F15DE9248D}.Release|Any CPU.ActiveCfg = Release|Any CPU
		{9079C3C3-839D-4FF1-A774-B7F15DE9248D}.Release|Any CPU.Build.0 = Release|Any CPU
		{9079C3C3-839D-4FF1-A774-B7F15DE9248D}.Release|x64.ActiveCfg = Release|Any CPU
		{9079C3C3-839D-4FF1-A774-B7F15DE9248D}.Release|x64.Build.0 = Release|Any CPU
		{9079C3C3-839D-4FF1-A774-B7F15DE9248D}.Release|x86.ActiveCfg = Release|Any CPU
		{9079C3C3-839D-4FF1-A774-B7F15DE9248D}.Release|x86.Build.0 = Release|Any CPU
		{59E0E08F-28B7-4093-8F44-78932707D8E8}.Debug|Any CPU.ActiveCfg = Debug|Any CPU
		{59E0E08F-28B7-4093-8F44-78932707D8E8}.Debug|Any CPU.Build.0 = Debug|Any CPU
		{59E0E08F-28B7-4093-8F44-78932707D8E8}.Debug|x64.ActiveCfg = Debug|Any CPU
		{59E0E08F-28B7-4093-8F44-78932707D8E8}.Debug|x64.Build.0 = Debug|Any CPU
		{59E0E08F-28B7-4093-8F44-78932707D8E8}.Debug|x86.ActiveCfg = Debug|Any CPU
		{59E0E08F-28B7-4093-8F44-78932707D8E8}.Debug|x86.Build.0 = Debug|Any CPU
		{59E0E08F-28B7-4093-8F44-78932707D8E8}.Release|Any CPU.ActiveCfg = Release|Any CPU
		{59E0E08F-28B7-4093-8F44-78932707D8E8}.Release|Any CPU.Build.0 = Release|Any CPU
		{59E0E08F-28B7-4093-8F44-78932707D8E8}.Release|x64.ActiveCfg = Release|Any CPU
		{59E0E08F-28B7-4093-8F44-78932707D8E8}.Release|x64.Build.0 = Release|Any CPU
		{59E0E08F-28B7-4093-8F44-78932707D8E8}.Release|x86.ActiveCfg = Release|Any CPU
		{59E0E08F-28B7-4093-8F44-78932707D8E8}.Release|x86.Build.0 = Release|Any CPU
	EndGlobalSection
	GlobalSection(SolutionProperties) = preSolution
		HideSolutionNode = FALSE
	EndGlobalSection
	GlobalSection(NestedProjects) = preSolution
		{9F085001-F527-4CD1-BBBC-46ECA30E1207} = {BD0C52EA-4985-4270-ACA0-907E47B6D6E8}
		{485B4C58-0B70-460B-AA20-B2B24AF8F0D2} = {E3F92729-0A08-49E3-9132-085C748233E6}
		{C69DB6F7-9921-4351-A163-047D2550003F} = {E3F92729-0A08-49E3-9132-085C748233E6}
		{5DA46552-0C9E-4692-9686-7B6B1BB5E18E} = {E3F92729-0A08-49E3-9132-085C748233E6}
		{3A55B636-45B4-475D-9F5D-D91F8A188BB8} = {E3F92729-0A08-49E3-9132-085C748233E6}
		{71A68D09-E2E8-44C8-99E9-E890E19DB10B} = {BD0C52EA-4985-4270-ACA0-907E47B6D6E8}
		{07A4AC17-2511-48C3-8F42-115F71A30862} = {BD0C52EA-4985-4270-ACA0-907E47B6D6E8}
		{9079C3C3-839D-4FF1-A774-B7F15DE9248D} = {E3F92729-0A08-49E3-9132-085C748233E6}
		{59E0E08F-28B7-4093-8F44-78932707D8E8} = {E3F92729-0A08-49E3-9132-085C748233E6}
	EndGlobalSection
	GlobalSection(ExtensibilityGlobals) = postSolution
		SolutionGuid = {3FEBD4B0-4918-4A97-88D6-03348ED3B400}
	EndGlobalSection
EndGlobal
